
Microsoft Visual Studio Solution File, Format Version 12.00
# Visual Studio Version 17
VisualStudioVersion = 17.11.35222.181
MinimumVisualStudioVersion = 10.0.40219.1
Project("{FAE04EC0-301F-11D3-BF4B-00C04F79EFBC}") = "Libzard API", "Libzard API\Libzard API.csproj", "{81B93438-BF5D-4633-828C-993A6CDEC41D}"
EndProject
Global
	GlobalSection(SolutionConfigurationPlatforms) = preSolution
		Debug|Any CPU = Debug|Any CPU
		Release|Any CPU = Release|Any CPU
	EndGlobalSection
	GlobalSection(ProjectConfigurationPlatforms) = postSolution
		{81B93438-BF5D-4633-828C-993A6CDEC41D}.Debug|Any CPU.ActiveCfg = Debug|Any CPU
		{81B93438-BF5D-4633-828C-993A6CDEC41D}.Debug|Any CPU.Build.0 = Debug|Any CPU
		{81B93438-BF5D-4633-828C-993A6CDEC41D}.Release|Any CPU.ActiveCfg = Release|Any CPU
		{81B93438-BF5D-4633-828C-993A6CDEC41D}.Release|Any CPU.Build.0 = Release|Any CPU
	EndGlobalSection
	GlobalSection(SolutionProperties) = preSolution
		HideSolutionNode = FALSE
	EndGlobalSection
	GlobalSection(ExtensibilityGlobals) = postSolution
		SolutionGuid = {B3F96B5B-B2FE-4039-955D-47F46A90C218}
	EndGlobalSection
EndGlobal
